
Microsoft Visual Studio Solution File, Format Version 12.00
# Visual Studio Version 16
VisualStudioVersion = 16.0.30611.23
MinimumVisualStudioVersion = 10.0.40219.1
Project("{FAE04EC0-301F-11D3-BF4B-00C04F79EFBC}") = "TestApriorit.Data", "TestApriorit.Data\TestApriorit.Data.csproj", "{FA6B92E1-2781-408C-A9E5-8C3F87BF8F61}"
EndProject
Project("{FAE04EC0-301F-11D3-BF4B-00C04F79EFBC}") = "TestApriorit.Core", "TestApriorit.Core\TestApriorit.Core.csproj", "{51BFEFFB-4574-43EC-93EE-384B7075ACC4}"
EndProject
Project("{FAE04EC0-301F-11D3-BF4B-00C04F79EFBC}") = "TestApriorit.Services", "TestApriorit.Services\TestApriorit.Services.csproj", "{F04738AD-167D-4DB4-B58D-053D3A5FE515}"
EndProject
Project("{FAE04EC0-301F-11D3-BF4B-00C04F79EFBC}") = "TestApriorit.API", "TestApriorit.API\TestApriorit.API.csproj", "{F3854923-9F20-4D0E-87ED-11521BE0FFCC}"
EndProject
Global
	GlobalSection(SolutionConfigurationPlatforms) = preSolution
		Debug|Any CPU = Debug|Any CPU
		Release|Any CPU = Release|Any CPU
	EndGlobalSection
	GlobalSection(ProjectConfigurationPlatforms) = postSolution
		{FA6B92E1-2781-408C-A9E5-8C3F87BF8F61}.Debug|Any CPU.ActiveCfg = Debug|Any CPU
		{FA6B92E1-2781-408C-A9E5-8C3F87BF8F61}.Debug|Any CPU.Build.0 = Debug|Any CPU
		{FA6B92E1-2781-408C-A9E5-8C3F87BF8F61}.Release|Any CPU.ActiveCfg = Release|Any CPU
		{FA6B92E1-2781-408C-A9E5-8C3F87BF8F61}.Release|Any CPU.Build.0 = Release|Any CPU
		{51BFEFFB-4574-43EC-93EE-384B7075ACC4}.Debug|Any CPU.ActiveCfg = Debug|Any CPU
		{51BFEFFB-4574-43EC-93EE-384B7075ACC4}.Debug|Any CPU.Build.0 = Debug|Any CPU
		{51BFEFFB-4574-43EC-93EE-384B7075ACC4}.Release|Any CPU.ActiveCfg = Release|Any CPU
		{51BFEFFB-4574-43EC-93EE-384B7075ACC4}.Release|Any CPU.Build.0 = Release|Any CPU
		{F04738AD-167D-4DB4-B58D-053D3A5FE515}.Debug|Any CPU.ActiveCfg = Debug|Any CPU
		{F04738AD-167D-4DB4-B58D-053D3A5FE515}.Debug|Any CPU.Build.0 = Debug|Any CPU
		{F04738AD-167D-4DB4-B58D-053D3A5FE515}.Release|Any CPU.ActiveCfg = Release|Any CPU
		{F04738AD-167D-4DB4-B58D-053D3A5FE515}.Release|Any CPU.Build.0 = Release|Any CPU
		{F3854923-9F20-4D0E-87ED-11521BE0FFCC}.Debug|Any CPU.ActiveCfg = Debug|Any CPU
		{F3854923-9F20-4D0E-87ED-11521BE0FFCC}.Debug|Any CPU.Build.0 = Debug|Any CPU
		{F3854923-9F20-4D0E-87ED-11521BE0FFCC}.Release|Any CPU.ActiveCfg = Release|Any CPU
		{F3854923-9F20-4D0E-87ED-11521BE0FFCC}.Release|Any CPU.Build.0 = Release|Any CPU
	EndGlobalSection
	GlobalSection(SolutionProperties) = preSolution
		HideSolutionNode = FALSE
	EndGlobalSection
	GlobalSection(ExtensibilityGlobals) = postSolution
		SolutionGuid = {D00D7507-C4F0-40B0-89D8-B605D8A5EBE4}
	EndGlobalSection
EndGlobal
